// !$*UTF8*$!
{
	archiveVersion = 1;
	classes = {
	};
	objectVersion = 56;
	objects = {

/* Begin PBXBuildFile section */
		4460C86E2D17A23C00DED977 /* main.cpp in Sources */ = {isa = PBXBuildFile; fileRef = 4460C86D2D17A23C00DED977 /* main.cpp */; };
		4460C8762D17AD5E00DED977 /* libraylib.a in Frameworks */ = {isa = PBXBuildFile; fileRef = 4460C8752D17AD5E00DED977 /* libraylib.a */; };
		4460C87F2D17AEA800DED977 /* EntityManager.cpp in Sources */ = {isa = PBXBuildFile; fileRef = 4460C8772D17AEA700DED977 /* EntityManager.cpp */; };
		4460C8802D17AEA800DED977 /* Entity.cpp in Sources */ = {isa = PBXBuildFile; fileRef = 4460C8792D17AEA800DED977 /* Entity.cpp */; };
		4460C8812D17AEA800DED977 /* Game.cpp in Sources */ = {isa = PBXBuildFile; fileRef = 4460C87E2D17AEA800DED977 /* Game.cpp */; };
/* End PBXBuildFile section */

/* Begin PBXCopyFilesBuildPhase section */
		4460C8682D17A23C00DED977 /* CopyFiles */ = {
			isa = PBXCopyFilesBuildPhase;
			buildActionMask = 2147483647;
			dstPath = /usr/share/man/man1/;
			dstSubfolderSpec = 0;
			files = (
			);
			runOnlyForDeploymentPostprocessing = 1;
		};
/* End PBXCopyFilesBuildPhase section */

/* Begin PBXFileReference section */
		4460C86A2D17A23C00DED977 /* Geometry Warrior */ = {isa = PBXFileReference; explicitFileType = "compiled.mach-o.executable"; includeInIndex = 0; path = "Geometry Warrior"; sourceTree = BUILT_PRODUCTS_DIR; };
		4460C86D2D17A23C00DED977 /* main.cpp */ = {isa = PBXFileReference; lastKnownFileType = sourcecode.cpp.cpp; path = main.cpp; sourceTree = "<group>"; };
		4460C8752D17AD5E00DED977 /* libraylib.a */ = {isa = PBXFileReference; lastKnownFileType = archive.ar; name = libraylib.a; path = ../../../../../../../../../opt/homebrew/Cellar/raylib/5.0/lib/libraylib.a; sourceTree = "<group>"; };
		4460C8772D17AEA700DED977 /* EntityManager.cpp */ = {isa = PBXFileReference; fileEncoding = 4; lastKnownFileType = sourcecode.cpp.cpp; name = EntityManager.cpp; path = ../../../../Pong/MacOS/Pong/Pong/EntityManager.cpp; sourceTree = "<group>"; };
		4460C8782D17AEA800DED977 /* Components.hpp */ = {isa = PBXFileReference; fileEncoding = 4; lastKnownFileType = sourcecode.cpp.h; name = Components.hpp; path = ../../../../Pong/MacOS/Pong/Pong/Components.hpp; sourceTree = "<group>"; };
		4460C8792D17AEA800DED977 /* Entity.cpp */ = {isa = PBXFileReference; fileEncoding = 4; lastKnownFileType = sourcecode.cpp.cpp; name = Entity.cpp; path = ../../../../Pong/MacOS/Pong/Pong/Entity.cpp; sourceTree = "<group>"; };
		4460C87A2D17AEA800DED977 /* EntityManager.hpp */ = {isa = PBXFileReference; fileEncoding = 4; lastKnownFileType = sourcecode.cpp.h; name = EntityManager.hpp; path = ../../../../Pong/MacOS/Pong/Pong/EntityManager.hpp; sourceTree = "<group>"; };
		4460C87B2D17AEA800DED977 /* Common.hpp */ = {isa = PBXFileReference; fileEncoding = 4; lastKnownFileType = sourcecode.cpp.h; name = Common.hpp; path = ../../../../Pong/MacOS/Pong/Pong/Common.hpp; sourceTree = "<group>"; };
		4460C87C2D17AEA800DED977 /* Entity.hpp */ = {isa = PBXFileReference; fileEncoding = 4; lastKnownFileType = sourcecode.cpp.h; name = Entity.hpp; path = ../../../../Pong/MacOS/Pong/Pong/Entity.hpp; sourceTree = "<group>"; };
		4460C87D2D17AEA800DED977 /* Game.hpp */ = {isa = PBXFileReference; fileEncoding = 4; lastKnownFileType = sourcecode.cpp.h; name = Game.hpp; path = ../../../../Pong/MacOS/Pong/Pong/Game.hpp; sourceTree = "<group>"; };
		4460C87E2D17AEA800DED977 /* Game.cpp */ = {isa = PBXFileReference; fileEncoding = 4; lastKnownFileType = sourcecode.cpp.cpp; name = Game.cpp; path = ../../../../Pong/MacOS/Pong/Pong/Game.cpp; sourceTree = "<group>"; };
/* End PBXFileReference section */

/* Begin PBXFrameworksBuildPhase section */
		4460C8672D17A23C00DED977 /* Frameworks */ = {
			isa = PBXFrameworksBuildPhase;
			buildActionMask = 2147483647;
			files = (
				4460C8762D17AD5E00DED977 /* libraylib.a in Frameworks */,
			);
			runOnlyForDeploymentPostprocessing = 0;
		};
/* End PBXFrameworksBuildPhase section */

/* Begin PBXGroup section */
		4460C8612D17A23C00DED977 = {
			isa = PBXGroup;
			children = (
				4460C86C2D17A23C00DED977 /* Geometry Warrior */,
				4460C86B2D17A23C00DED977 /* Products */,
				4460C8742D17AD5E00DED977 /* Frameworks */,
			);
			sourceTree = "<group>";
		};
		4460C86B2D17A23C00DED977 /* Products */ = {
			isa = PBXGroup;
			children = (
				4460C86A2D17A23C00DED977 /* Geometry Warrior */,
			);
			name = Products;
			sourceTree = "<group>";
		};
		4460C86C2D17A23C00DED977 /* Geometry Warrior */ = {
			isa = PBXGroup;
			children = (
				4460C87B2D17AEA800DED977 /* Common.hpp */,
				4460C8782D17AEA800DED977 /* Components.hpp */,
				4460C8792D17AEA800DED977 /* Entity.cpp */,
				4460C87C2D17AEA800DED977 /* Entity.hpp */,
				4460C8772D17AEA700DED977 /* EntityManager.cpp */,
				4460C87A2D17AEA800DED977 /* EntityManager.hpp */,
				4460C87E2D17AEA800DED977 /* Game.cpp */,
				4460C87D2D17AEA800DED977 /* Game.hpp */,
				4460C86D2D17A23C00DED977 /* main.cpp */,
			);
			path = "Geometry Warrior";
			sourceTree = "<group>";
		};
		4460C8742D17AD5E00DED977 /* Frameworks */ = {
			isa = PBXGroup;
			children = (
				4460C8752D17AD5E00DED977 /* libraylib.a */,
			);
			name = Frameworks;
			sourceTree = "<group>";
		};
/* End PBXGroup section */

/* Begin PBXNativeTarget section */
		4460C8692D17A23C00DED977 /* Geometry Warrior */ = {
			isa = PBXNativeTarget;
			buildConfigurationList = 4460C8712D17A23C00DED977 /* Build configuration list for PBXNativeTarget "Geometry Warrior" */;
			buildPhases = (
				4460C8662D17A23C00DED977 /* Sources */,
				4460C8672D17A23C00DED977 /* Frameworks */,
				4460C8682D17A23C00DED977 /* CopyFiles */,
			);
			buildRules = (
			);
			dependencies = (
			);
			name = "Geometry Warrior";
			productName = "Geometry Warrior";
			productReference = 4460C86A2D17A23C00DED977 /* Geometry Warrior */;
			productType = "com.apple.product-type.tool";
		};
/* End PBXNativeTarget section */

/* Begin PBXProject section */
		4460C8622D17A23C00DED977 /* Project object */ = {
			isa = PBXProject;
			attributes = {
				BuildIndependentTargetsInParallel = 1;
				LastUpgradeCheck = 1430;
				TargetAttributes = {
					4460C8692D17A23C00DED977 = {
						CreatedOnToolsVersion = 14.3.1;
					};
				};
			};
			buildConfigurationList = 4460C8652D17A23C00DED977 /* Build configuration list for PBXProject "Geometry Warrior" */;
			compatibilityVersion = "Xcode 14.0";
			developmentRegion = en;
			hasScannedForEncodings = 0;
			knownRegions = (
				en,
				Base,
			);
			mainGroup = 4460C8612D17A23C00DED977;
			productRefGroup = 4460C86B2D17A23C00DED977 /* Products */;
			projectDirPath = "";
			projectRoot = "";
			targets = (
				4460C8692D17A23C00DED977 /* Geometry Warrior */,
			);
		};
/* End PBXProject section */

/* Begin PBXSourcesBuildPhase section */
		4460C8662D17A23C00DED977 /* Sources */ = {
			isa = PBXSourcesBuildPhase;
			buildActionMask = 2147483647;
			files = (
				4460C87F2D17AEA800DED977 /* EntityManager.cpp in Sources */,
				4460C8802D17AEA800DED977 /* Entity.cpp in Sources */,
				4460C86E2D17A23C00DED977 /* main.cpp in Sources */,
				4460C8812D17AEA800DED977 /* Game.cpp in Sources */,
			);
			runOnlyForDeploymentPostprocessing = 0;
		};
/* End PBXSourcesBuildPhase section */

/* Begin XCBuildConfiguration section */
		4460C86F2D17A23C00DED977 /* Debug */ = {
			isa = XCBuildConfiguration;
			buildSettings = {
				ALWAYS_SEARCH_USER_PATHS = NO;
				CLANG_ANALYZER_NONNULL = YES;
				CLANG_ANALYZER_NUMBER_OBJECT_CONVERSION = YES_AGGRESSIVE;
				CLANG_CXX_LANGUAGE_STANDARD = "gnu++20";
				CLANG_ENABLE_MODULES = YES;
				CLANG_ENABLE_OBJC_ARC = YES;
				CLANG_ENABLE_OBJC_WEAK = YES;
				CLANG_WARN_BLOCK_CAPTURE_AUTORELEASING = YES;
				CLANG_WARN_BOOL_CONVERSION = YES;
				CLANG_WARN_COMMA = YES;
				CLANG_WARN_CONSTANT_CONVERSION = YES;
				CLANG_WARN_DEPRECATED_OBJC_IMPLEMENTATIONS = YES;
				CLANG_WARN_DIRECT_OBJC_ISA_USAGE = YES_ERROR;
				CLANG_WARN_DOCUMENTATION_COMMENTS = YES;
				CLANG_WARN_EMPTY_BODY = YES;
				CLANG_WARN_ENUM_CONVERSION = YES;
				CLANG_WARN_INFINITE_RECURSION = YES;
				CLANG_WARN_INT_CONVERSION = YES;
				CLANG_WARN_NON_LITERAL_NULL_CONVERSION = YES;
				CLANG_WARN_OBJC_IMPLICIT_RETAIN_SELF = YES;
				CLANG_WARN_OBJC_LITERAL_CONVERSION = YES;
				CLANG_WARN_OBJC_ROOT_CLASS = YES_ERROR;
				CLANG_WARN_QUOTED_INCLUDE_IN_FRAMEWORK_HEADER = YES;
				CLANG_WARN_RANGE_LOOP_ANALYSIS = YES;
				CLANG_WARN_STRICT_PROTOTYPES = YES;
				CLANG_WARN_SUSPICIOUS_MOVE = YES;
				CLANG_WARN_UNGUARDED_AVAILABILITY = YES_AGGRESSIVE;
				CLANG_WARN_UNREACHABLE_CODE = YES;
				CLANG_WARN__DUPLICATE_METHOD_MATCH = YES;
				COPY_PHASE_STRIP = NO;
				DEBUG_INFORMATION_FORMAT = dwarf;
				ENABLE_STRICT_OBJC_MSGSEND = YES;
				ENABLE_TESTABILITY = YES;
				GCC_C_LANGUAGE_STANDARD = gnu11;
				GCC_DYNAMIC_NO_PIC = NO;
				GCC_NO_COMMON_BLOCKS = YES;
				GCC_OPTIMIZATION_LEVEL = 0;
				GCC_PREPROCESSOR_DEFINITIONS = (
					"DEBUG=1",
					"$(inherited)",
				);
				GCC_WARN_64_TO_32_BIT_CONVERSION = YES;
				GCC_WARN_ABOUT_RETURN_TYPE = YES_ERROR;
				GCC_WARN_UNDECLARED_SELECTOR = YES;
				GCC_WARN_UNINITIALIZED_AUTOS = YES_AGGRESSIVE;
				GCC_WARN_UNUSED_FUNCTION = YES;
				GCC_WARN_UNUSED_VARIABLE = YES;
				MACOSX_DEPLOYMENT_TARGET = 13.3;
				MTL_ENABLE_DEBUG_INFO = INCLUDE_SOURCE;
				MTL_FAST_MATH = YES;
				ONLY_ACTIVE_ARCH = YES;
				SDKROOT = macosx;
			};
			name = Debug;
		};
		4460C8702D17A23C00DED977 /* Release */ = {
			isa = XCBuildConfiguration;
			buildSettings = {
				ALWAYS_SEARCH_USER_PATHS = NO;
				CLANG_ANALYZER_NONNULL = YES;
				CLANG_ANALYZER_NUMBER_OBJECT_CONVERSION = YES_AGGRESSIVE;
				CLANG_CXX_LANGUAGE_STANDARD = "gnu++20";
				CLANG_ENABLE_MODULES = YES;
				CLANG_ENABLE_OBJC_ARC = YES;
				CLANG_ENABLE_OBJC_WEAK = YES;
				CLANG_WARN_BLOCK_CAPTURE_AUTORELEASING = YES;
				CLANG_WARN_BOOL_CONVERSION = YES;
				CLANG_WARN_COMMA = YES;
				CLANG_WARN_CONSTANT_CONVERSION = YES;
				CLANG_WARN_DEPRECATED_OBJC_IMPLEMENTATIONS = YES;
				CLANG_WARN_DIRECT_OBJC_ISA_USAGE = YES_ERROR;
				CLANG_WARN_DOCUMENTATION_COMMENTS = YES;
				CLANG_WARN_EMPTY_BODY = YES;
				CLANG_WARN_ENUM_CONVERSION = YES;
				CLANG_WARN_INFINITE_RECURSION = YES;
				CLANG_WARN_INT_CONVERSION = YES;
				CLANG_WARN_NON_LITERAL_NULL_CONVERSION = YES;
				CLANG_WARN_OBJC_IMPLICIT_RETAIN_SELF = YES;
				CLANG_WARN_OBJC_LITERAL_CONVERSION = YES;
				CLANG_WARN_OBJC_ROOT_CLASS = YES_ERROR;
				CLANG_WARN_QUOTED_INCLUDE_IN_FRAMEWORK_HEADER = YES;
				CLANG_WARN_RANGE_LOOP_ANALYSIS = YES;
				CLANG_WARN_STRICT_PROTOTYPES = YES;
				CLANG_WARN_SUSPICIOUS_MOVE = YES;
				CLANG_WARN_UNGUARDED_AVAILABILITY = YES_AGGRESSIVE;
				CLANG_WARN_UNREACHABLE_CODE = YES;
				CLANG_WARN__DUPLICATE_METHOD_MATCH = YES;
				COPY_PHASE_STRIP = NO;
				DEBUG_INFORMATION_FORMAT = "dwarf-with-dsym";
				ENABLE_NS_ASSERTIONS = NO;
				ENABLE_STRICT_OBJC_MSGSEND = YES;
				GCC_C_LANGUAGE_STANDARD = gnu11;
				GCC_NO_COMMON_BLOCKS = YES;
				GCC_WARN_64_TO_32_BIT_CONVERSION = YES;
				GCC_WARN_ABOUT_RETURN_TYPE = YES_ERROR;
				GCC_WARN_UNDECLARED_SELECTOR = YES;
				GCC_WARN_UNINITIALIZED_AUTOS = YES_AGGRESSIVE;
				GCC_WARN_UNUSED_FUNCTION = YES;
				GCC_WARN_UNUSED_VARIABLE = YES;
				MACOSX_DEPLOYMENT_TARGET = 13.3;
				MTL_ENABLE_DEBUG_INFO = NO;
				MTL_FAST_MATH = YES;
				SDKROOT = macosx;
			};
			name = Release;
		};
		4460C8722D17A23C00DED977 /* Debug */ = {
			isa = XCBuildConfiguration;
			buildSettings = {
				CODE_SIGN_STYLE = Automatic;
				HEADER_SEARCH_PATHS = /opt/homebrew/Cellar/raylib/5.0/include;
				LIBRARY_SEARCH_PATHS = /opt/homebrew/Cellar/raylib/5.0/lib;
				PRODUCT_NAME = "$(TARGET_NAME)";
				USER_HEADER_SEARCH_PATHS = (
					"/Users/paulthomas/Desktop/Developer/GitHub/ECS-Architecture/GW/MacOS/Geometry",
					Warrior/Geometry,
					Warrior,
				);
			};
			name = Debug;
		};
		4460C8732D17A23C00DED977 /* Release */ = {
			isa = XCBuildConfiguration;
			buildSettings = {
				CODE_SIGN_STYLE = Automatic;
				HEADER_SEARCH_PATHS = /opt/homebrew/Cellar/raylib/5.0/include;
				LIBRARY_SEARCH_PATHS = /opt/homebrew/Cellar/raylib/5.0/lib;
				PRODUCT_NAME = "$(TARGET_NAME)";
				USER_HEADER_SEARCH_PATHS = (
					"/Users/paulthomas/Desktop/Developer/GitHub/ECS-Architecture/GW/MacOS/Geometry",
					Warrior/Geometry,
					Warrior,
				);
			};
			name = Release;
		};
/* End XCBuildConfiguration section */

/* Begin XCConfigurationList section */
		4460C8652D17A23C00DED977 /* Build configuration list for PBXProject "Geometry Warrior" */ = {
			isa = XCConfigurationList;
			buildConfigurations = (
				4460C86F2D17A23C00DED977 /* Debug */,
				4460C8702D17A23C00DED977 /* Release */,
			);
			defaultConfigurationIsVisible = 0;
			defaultConfigurationName = Release;
		};
		4460C8712D17A23C00DED977 /* Build configuration list for PBXNativeTarget "Geometry Warrior" */ = {
			isa = XCConfigurationList;
			buildConfigurations = (
				4460C8722D17A23C00DED977 /* Debug */,
				4460C8732D17A23C00DED977 /* Release */,
			);
			defaultConfigurationIsVisible = 0;
			defaultConfigurationName = Release;
		};
/* End XCConfigurationList section */
	};
	rootObject = 4460C8622D17A23C00DED977 /* Project object */;
}
